
Microsoft Visual Studio Solution File, Format Version 12.00
Project("{FAE04EC0-301F-11D3-BF4B-00C04F79EFBC}") = "EchoTale", "EchoTale\EchoTale.csproj", "{40EAD8AE-3D18-41CE-B343-00868C17117A}"
EndProject
Project("{2150E333-8FDC-42A3-9474-1A3956D46DE8}") = "Application", "Application", "{028ACE50-B550-4D5A-B0B1-C3A95F29B4AE}"
EndProject
Project("{2150E333-8FDC-42A3-9474-1A3956D46DE8}") = "Domain", "Domain", "{E14AD4CE-A4C3-4D68-A4C4-3AD7B688A79E}"
EndProject
Project("{2150E333-8FDC-42A3-9474-1A3956D46DE8}") = "Web", "Web", "{61E2BF2E-00A3-45E3-BD72-8742F37175DB}"
EndProject
Project("{FAE04EC0-301F-11D3-BF4B-00C04F79EFBC}") = "Domain", "Domain\Domain.csproj", "{BEBD204F-D2D5-4BCB-BDF5-F58A0EBDF46B}"
EndProject
Project("{FAE04EC0-301F-11D3-BF4B-00C04F79EFBC}") = "Application", "Application\Application.csproj", "{EDACDE58-9AD8-4065-857C-A9EFB0C7266E}"
EndProject
Project("{2150E333-8FDC-42A3-9474-1A3956D46DE8}") = "Infrastructure", "Infrastructure", "{6664B003-F541-4F1B-981A-0141B8B6CF0C}"
EndProject
Project("{FAE04EC0-301F-11D3-BF4B-00C04F79EFBC}") = "Infrastructure", "Infrastructure\Infrastructure.csproj", "{E95865A8-5D2F-4D70-A46A-3EFF79AA68D0}"
EndProject
Global
	GlobalSection(SolutionConfigurationPlatforms) = preSolution
		Debug|Any CPU = Debug|Any CPU
		Release|Any CPU = Release|Any CPU
	EndGlobalSection
	GlobalSection(ProjectConfigurationPlatforms) = postSolution
		{40EAD8AE-3D18-41CE-B343-00868C17117A}.Debug|Any CPU.ActiveCfg = Debug|Any CPU
		{40EAD8AE-3D18-41CE-B343-00868C17117A}.Debug|Any CPU.Build.0 = Debug|Any CPU
		{40EAD8AE-3D18-41CE-B343-00868C17117A}.Release|Any CPU.ActiveCfg = Release|Any CPU
		{40EAD8AE-3D18-41CE-B343-00868C17117A}.Release|Any CPU.Build.0 = Release|Any CPU
		{BEBD204F-D2D5-4BCB-BDF5-F58A0EBDF46B}.Debug|Any CPU.ActiveCfg = Debug|Any CPU
		{BEBD204F-D2D5-4BCB-BDF5-F58A0EBDF46B}.Debug|Any CPU.Build.0 = Debug|Any CPU
		{BEBD204F-D2D5-4BCB-BDF5-F58A0EBDF46B}.Release|Any CPU.ActiveCfg = Release|Any CPU
		{BEBD204F-D2D5-4BCB-BDF5-F58A0EBDF46B}.Release|Any CPU.Build.0 = Release|Any CPU
		{EDACDE58-9AD8-4065-857C-A9EFB0C7266E}.Debug|Any CPU.ActiveCfg = Debug|Any CPU
		{EDACDE58-9AD8-4065-857C-A9EFB0C7266E}.Debug|Any CPU.Build.0 = Debug|Any CPU
		{EDACDE58-9AD8-4065-857C-A9EFB0C7266E}.Release|Any CPU.ActiveCfg = Release|Any CPU
		{EDACDE58-9AD8-4065-857C-A9EFB0C7266E}.Release|Any CPU.Build.0 = Release|Any CPU
		{E95865A8-5D2F-4D70-A46A-3EFF79AA68D0}.Debug|Any CPU.ActiveCfg = Debug|Any CPU
		{E95865A8-5D2F-4D70-A46A-3EFF79AA68D0}.Debug|Any CPU.Build.0 = Debug|Any CPU
		{E95865A8-5D2F-4D70-A46A-3EFF79AA68D0}.Release|Any CPU.ActiveCfg = Release|Any CPU
		{E95865A8-5D2F-4D70-A46A-3EFF79AA68D0}.Release|Any CPU.Build.0 = Release|Any CPU
	EndGlobalSection
	GlobalSection(NestedProjects) = preSolution
		{40EAD8AE-3D18-41CE-B343-00868C17117A} = {61E2BF2E-00A3-45E3-BD72-8742F37175DB}
		{BEBD204F-D2D5-4BCB-BDF5-F58A0EBDF46B} = {E14AD4CE-A4C3-4D68-A4C4-3AD7B688A79E}
		{EDACDE58-9AD8-4065-857C-A9EFB0C7266E} = {028ACE50-B550-4D5A-B0B1-C3A95F29B4AE}
		{E95865A8-5D2F-4D70-A46A-3EFF79AA68D0} = {6664B003-F541-4F1B-981A-0141B8B6CF0C}
	EndGlobalSection
EndGlobal
